
Microsoft Visual Studio Solution File, Format Version 12.00
# Visual Studio 15
VisualStudioVersion = 15.0.27428.2037
MinimumVisualStudioVersion = 10.0.40219.1
Project("{FAE04EC0-301F-11D3-BF4B-00C04F79EFBC}") = "WindowsFormsApp1", "WindowsFormsApp1\WindowsFormsApp1.csproj", "{914B0832-47DB-471D-B2F3-04E832DE404A}"
EndProject
Global
	GlobalSection(SolutionConfigurationPlatforms) = preSolution
		Debug|Any CPU = Debug|Any CPU
		Release|Any CPU = Release|Any CPU
	EndGlobalSection
	GlobalSection(ProjectConfigurationPlatforms) = postSolution
		{914B0832-47DB-471D-B2F3-04E832DE404A}.Debug|Any CPU.ActiveCfg = Debug|Any CPU
		{914B0832-47DB-471D-B2F3-04E832DE404A}.Debug|Any CPU.Build.0 = Debug|Any CPU
		{914B0832-47DB-471D-B2F3-04E832DE404A}.Release|Any CPU.ActiveCfg = Release|Any CPU
		{914B0832-47DB-471D-B2F3-04E832DE404A}.Release|Any CPU.Build.0 = Release|Any CPU
	EndGlobalSection
	GlobalSection(SolutionProperties) = preSolution
		HideSolutionNode = FALSE
	EndGlobalSection
	GlobalSection(ExtensibilityGlobals) = postSolution
		SolutionGuid = {BAACA2B1-8B98-4B88-9EE8-1DCE58B373EF}
	EndGlobalSection
EndGlobal
